
Microsoft Visual Studio Solution File, Format Version 12.00
# Visual Studio Version 17
VisualStudioVersion = 17.0.32126.317
MinimumVisualStudioVersion = 10.0.40219.1
Project("{FAE04EC0-301F-11D3-BF4B-00C04F79EFBC}") = "ActiveSystemsPTY", "ActiveSystemsPTY\ActiveSystemsPTY.csproj", "{70BC0F75-8A87-493D-BDD6-4EC7DF091E05}"
EndProject
Global
	GlobalSection(SolutionConfigurationPlatforms) = preSolution
		Debug|Any CPU = Debug|Any CPU
		Release|Any CPU = Release|Any CPU
	EndGlobalSection
	GlobalSection(ProjectConfigurationPlatforms) = postSolution
		{70BC0F75-8A87-493D-BDD6-4EC7DF091E05}.Debug|Any CPU.ActiveCfg = Debug|Any CPU
		{70BC0F75-8A87-493D-BDD6-4EC7DF091E05}.Debug|Any CPU.Build.0 = Debug|Any CPU
		{70BC0F75-8A87-493D-BDD6-4EC7DF091E05}.Release|Any CPU.ActiveCfg = Release|Any CPU
		{70BC0F75-8A87-493D-BDD6-4EC7DF091E05}.Release|Any CPU.Build.0 = Release|Any CPU
	EndGlobalSection
	GlobalSection(SolutionProperties) = preSolution
		HideSolutionNode = FALSE
	EndGlobalSection
	GlobalSection(ExtensibilityGlobals) = postSolution
		SolutionGuid = {695C4E79-8589-49FF-9EC6-6F0D5D8641BC}
	EndGlobalSection
EndGlobal
